
Microsoft Visual Studio Solution File, Format Version 12.00
# Visual Studio 14
VisualStudioVersion = 14.0.25420.1
MinimumVisualStudioVersion = 10.0.40219.1
Project("{2150E333-8FDC-42A3-9474-1A3956D46DE8}") = "src", "src", "{87EBA53E-6B82-4C81-9304-C6835F80CE27}"
EndProject
Project("{2150E333-8FDC-42A3-9474-1A3956D46DE8}") = "Solution Items", "Solution Items", "{A04BB4D9-C2F7-4C00-8D5C-2002CA13762B}"
	ProjectSection(SolutionItems) = preProject
		global.json = global.json
	EndProjectSection
EndProject
Project("{8BB2217D-0F2D-49D1-97BC-3654ED321F3B}") = "ParkingProject", "src\ParkingProject\ParkingProject.xproj", "{3922A961-0B5D-4951-B9BC-F013F1311ED4}"
EndProject
Project("{8BB2217D-0F2D-49D1-97BC-3654ED321F3B}") = "ParkingProject.Test", "src\ParkingProject.Test\ParkingProject.Test.xproj", "{F05EDEFB-CF35-43C1-B45C-B7D53ADA5CA9}"
EndProject
Global
	GlobalSection(SolutionConfigurationPlatforms) = preSolution
		Debug|Any CPU = Debug|Any CPU
		Release|Any CPU = Release|Any CPU
	EndGlobalSection
	GlobalSection(ProjectConfigurationPlatforms) = postSolution
		{3922A961-0B5D-4951-B9BC-F013F1311ED4}.Debug|Any CPU.ActiveCfg = Debug|Any CPU
		{3922A961-0B5D-4951-B9BC-F013F1311ED4}.Debug|Any CPU.Build.0 = Debug|Any CPU
		{3922A961-0B5D-4951-B9BC-F013F1311ED4}.Release|Any CPU.ActiveCfg = Release|Any CPU
		{3922A961-0B5D-4951-B9BC-F013F1311ED4}.Release|Any CPU.Build.0 = Release|Any CPU
		{F05EDEFB-CF35-43C1-B45C-B7D53ADA5CA9}.Debug|Any CPU.ActiveCfg = Debug|Any CPU
		{F05EDEFB-CF35-43C1-B45C-B7D53ADA5CA9}.Debug|Any CPU.Build.0 = Debug|Any CPU
		{F05EDEFB-CF35-43C1-B45C-B7D53ADA5CA9}.Release|Any CPU.ActiveCfg = Release|Any CPU
		{F05EDEFB-CF35-43C1-B45C-B7D53ADA5CA9}.Release|Any CPU.Build.0 = Release|Any CPU
	EndGlobalSection
	GlobalSection(SolutionProperties) = preSolution
		HideSolutionNode = FALSE
	EndGlobalSection
	GlobalSection(NestedProjects) = preSolution
		{3922A961-0B5D-4951-B9BC-F013F1311ED4} = {87EBA53E-6B82-4C81-9304-C6835F80CE27}
		{F05EDEFB-CF35-43C1-B45C-B7D53ADA5CA9} = {87EBA53E-6B82-4C81-9304-C6835F80CE27}
	EndGlobalSection
EndGlobal
